// !$*UTF8*$!
{
	archiveVersion = 1;
	classes = {
	};
	objectVersion = 46;
	objects = {

/* Begin PBXBuildFile section */
		1635576D19D76C3000CBE3BE /* AppDelegate.swift in Sources */ = {isa = PBXBuildFile; fileRef = 1635576C19D76C3000CBE3BE /* AppDelegate.swift */; };
		1635576F19D76C3000CBE3BE /* ViewController.swift in Sources */ = {isa = PBXBuildFile; fileRef = 1635576E19D76C3000CBE3BE /* ViewController.swift */; };
		1635577219D76C3000CBE3BE /* Main.storyboard in Resources */ = {isa = PBXBuildFile; fileRef = 1635577019D76C3000CBE3BE /* Main.storyboard */; };
		1635577419D76C3000CBE3BE /* Images.xcassets in Resources */ = {isa = PBXBuildFile; fileRef = 1635577319D76C3000CBE3BE /* Images.xcassets */; };
		1635577719D76C3000CBE3BE /* LaunchScreen.xib in Resources */ = {isa = PBXBuildFile; fileRef = 1635577519D76C3000CBE3BE /* LaunchScreen.xib */; };
		1635578319D76C3000CBE3BE /* MyDoctorTests.swift in Sources */ = {isa = PBXBuildFile; fileRef = 1635578219D76C3000CBE3BE /* MyDoctorTests.swift */; };
		1635578D19D76D4500CBE3BE /* MapKit.framework in Frameworks */ = {isa = PBXBuildFile; fileRef = 1635578C19D76D4500CBE3BE /* MapKit.framework */; };
		1635578F19D76D6100CBE3BE /* HealthKit.framework in Frameworks */ = {isa = PBXBuildFile; fileRef = 1635578E19D76D6100CBE3BE /* HealthKit.framework */; };
		1635579819D7705100CBE3BE /* ViewController2.swift in Sources */ = {isa = PBXBuildFile; fileRef = 1635579719D7705100CBE3BE /* ViewController2.swift */; };
		1635595819D7CD5200CBE3BE /* FacebookSDK.framework in Frameworks */ = {isa = PBXBuildFile; fileRef = 1635595719D7CD5200CBE3BE /* FacebookSDK.framework */; };
		1635595C19D7F0F400CBE3BE /* MyDoctorImg@2x.png in Resources */ = {isa = PBXBuildFile; fileRef = 1635595B19D7F0F400CBE3BE /* MyDoctorImg@2x.png */; };
		1635596119D86A6C00CBE3BE /* ViewControllerMap.swift in Sources */ = {isa = PBXBuildFile; fileRef = 1635596019D86A6C00CBE3BE /* ViewControllerMap.swift */; };
		1635596319D86DEA00CBE3BE /* ViewControllerMyDoctor.swift in Sources */ = {isa = PBXBuildFile; fileRef = 1635596219D86DEA00CBE3BE /* ViewControllerMyDoctor.swift */; };
		1635596519D86E0300CBE3BE /* ViewControllerTableDrugs.swift in Sources */ = {isa = PBXBuildFile; fileRef = 1635596419D86E0300CBE3BE /* ViewControllerTableDrugs.swift */; };
		1635596719D86E2200CBE3BE /* ViewControllerRembDrugs.swift in Sources */ = {isa = PBXBuildFile; fileRef = 1635596619D86E2200CBE3BE /* ViewControllerRembDrugs.swift */; };
		1635596919D8833700CBE3BE /* iAd.framework in Frameworks */ = {isa = PBXBuildFile; fileRef = 1635596819D8833700CBE3BE /* iAd.framework */; };
/* End PBXBuildFile section */

/* Begin PBXContainerItemProxy section */
		1635577D19D76C3000CBE3BE /* PBXContainerItemProxy */ = {
			isa = PBXContainerItemProxy;
			containerPortal = 1635575F19D76C3000CBE3BE /* Project object */;
			proxyType = 1;
			remoteGlobalIDString = 1635576619D76C3000CBE3BE;
			remoteInfo = MyDoctor;
		};
/* End PBXContainerItemProxy section */

/* Begin PBXFileReference section */
		1635576719D76C3000CBE3BE /* MyDoctor.app */ = {isa = PBXFileReference; explicitFileType = wrapper.application; includeInIndex = 0; path = MyDoctor.app; sourceTree = BUILT_PRODUCTS_DIR; };
		1635576B19D76C3000CBE3BE /* Info.plist */ = {isa = PBXFileReference; lastKnownFileType = text.plist.xml; path = Info.plist; sourceTree = "<group>"; };
		1635576C19D76C3000CBE3BE /* AppDelegate.swift */ = {isa = PBXFileReference; lastKnownFileType = sourcecode.swift; path = AppDelegate.swift; sourceTree = "<group>"; };
		1635576E19D76C3000CBE3BE /* ViewController.swift */ = {isa = PBXFileReference; lastKnownFileType = sourcecode.swift; path = ViewController.swift; sourceTree = "<group>"; };
		1635577119D76C3000CBE3BE /* Base */ = {isa = PBXFileReference; lastKnownFileType = file.storyboard; name = Base; path = Base.lproj/Main.storyboard; sourceTree = "<group>"; };
		1635577319D76C3000CBE3BE /* Images.xcassets */ = {isa = PBXFileReference; lastKnownFileType = folder.assetcatalog; path = Images.xcassets; sourceTree = "<group>"; };
		1635577619D76C3000CBE3BE /* Base */ = {isa = PBXFileReference; lastKnownFileType = file.xib; name = Base; path = Base.lproj/LaunchScreen.xib; sourceTree = "<group>"; };
		1635577C19D76C3000CBE3BE /* MyDoctorTests.xctest */ = {isa = PBXFileReference; explicitFileType = wrapper.cfbundle; includeInIndex = 0; path = MyDoctorTests.xctest; sourceTree = BUILT_PRODUCTS_DIR; };
		1635578119D76C3000CBE3BE /* Info.plist */ = {isa = PBXFileReference; lastKnownFileType = text.plist.xml; path = Info.plist; sourceTree = "<group>"; };
		1635578219D76C3000CBE3BE /* MyDoctorTests.swift */ = {isa = PBXFileReference; lastKnownFileType = sourcecode.swift; path = MyDoctorTests.swift; sourceTree = "<group>"; };
		1635578C19D76D4500CBE3BE /* MapKit.framework */ = {isa = PBXFileReference; lastKnownFileType = wrapper.framework; name = MapKit.framework; path = System/Library/Frameworks/MapKit.framework; sourceTree = SDKROOT; };
		1635578E19D76D6100CBE3BE /* HealthKit.framework */ = {isa = PBXFileReference; lastKnownFileType = wrapper.framework; name = HealthKit.framework; path = System/Library/Frameworks/HealthKit.framework; sourceTree = SDKROOT; };
		1635579019D76D6100CBE3BE /* MyDoctor.entitlements */ = {isa = PBXFileReference; lastKnownFileType = text.xml; path = MyDoctor.entitlements; sourceTree = "<group>"; };
		1635579719D7705100CBE3BE /* ViewController2.swift */ = {isa = PBXFileReference; fileEncoding = 4; lastKnownFileType = sourcecode.swift; path = ViewController2.swift; sourceTree = "<group>"; };
		1635595719D7CD5200CBE3BE /* FacebookSDK.framework */ = {isa = PBXFileReference; lastKnownFileType = wrapper.framework; name = FacebookSDK.framework; path = ../../FacebookSDK/FacebookSDK.framework; sourceTree = "<group>"; };
		1635595919D7D23B00CBE3BE /* Bridge-Header.h */ = {isa = PBXFileReference; lastKnownFileType = sourcecode.c.h; path = "Bridge-Header.h"; sourceTree = "<group>"; };
		1635595B19D7F0F400CBE3BE /* MyDoctorImg@2x.png */ = {isa = PBXFileReference; lastKnownFileType = image.png; name = "MyDoctorImg@2x.png"; path = "../../../MyDoctorIMGs/MyDoctorImg@2x.png"; sourceTree = "<group>"; };
		1635596019D86A6C00CBE3BE /* ViewControllerMap.swift */ = {isa = PBXFileReference; fileEncoding = 4; lastKnownFileType = sourcecode.swift; path = ViewControllerMap.swift; sourceTree = "<group>"; };
		1635596219D86DEA00CBE3BE /* ViewControllerMyDoctor.swift */ = {isa = PBXFileReference; fileEncoding = 4; lastKnownFileType = sourcecode.swift; path = ViewControllerMyDoctor.swift; sourceTree = "<group>"; };
		1635596419D86E0300CBE3BE /* ViewControllerTableDrugs.swift */ = {isa = PBXFileReference; fileEncoding = 4; lastKnownFileType = sourcecode.swift; path = ViewControllerTableDrugs.swift; sourceTree = "<group>"; };
		1635596619D86E2200CBE3BE /* ViewControllerRembDrugs.swift */ = {isa = PBXFileReference; fileEncoding = 4; lastKnownFileType = sourcecode.swift; path = ViewControllerRembDrugs.swift; sourceTree = "<group>"; };
		1635596819D8833700CBE3BE /* iAd.framework */ = {isa = PBXFileReference; lastKnownFileType = wrapper.framework; name = iAd.framework; path = System/Library/Frameworks/iAd.framework; sourceTree = SDKROOT; };
/* End PBXFileReference section */

/* Begin PBXFrameworksBuildPhase section */
		1635576419D76C3000CBE3BE /* Frameworks */ = {
			isa = PBXFrameworksBuildPhase;
			buildActionMask = 2147483647;
			files = (
				1635578D19D76D4500CBE3BE /* MapKit.framework in Frameworks */,
				1635596919D8833700CBE3BE /* iAd.framework in Frameworks */,
				1635578F19D76D6100CBE3BE /* HealthKit.framework in Frameworks */,
				1635595819D7CD5200CBE3BE /* FacebookSDK.framework in Frameworks */,
			);
			runOnlyForDeploymentPostprocessing = 0;
		};
		1635577919D76C3000CBE3BE /* Frameworks */ = {
			isa = PBXFrameworksBuildPhase;
			buildActionMask = 2147483647;
			files = (
			);
			runOnlyForDeploymentPostprocessing = 0;
		};
/* End PBXFrameworksBuildPhase section */

/* Begin PBXGroup section */
		1635575E19D76C3000CBE3BE = {
			isa = PBXGroup;
			children = (
				1635596819D8833700CBE3BE /* iAd.framework */,
				1635595719D7CD5200CBE3BE /* FacebookSDK.framework */,
				1635578E19D76D6100CBE3BE /* HealthKit.framework */,
				1635578C19D76D4500CBE3BE /* MapKit.framework */,
				1635576919D76C3000CBE3BE /* MyDoctor */,
				1635577F19D76C3000CBE3BE /* MyDoctorTests */,
				1635576819D76C3000CBE3BE /* Products */,
			);
			sourceTree = "<group>";
		};
		1635576819D76C3000CBE3BE /* Products */ = {
			isa = PBXGroup;
			children = (
				1635576719D76C3000CBE3BE /* MyDoctor.app */,
				1635577C19D76C3000CBE3BE /* MyDoctorTests.xctest */,
			);
			name = Products;
			sourceTree = "<group>";
		};
		1635576919D76C3000CBE3BE /* MyDoctor */ = {
			isa = PBXGroup;
			children = (
				1635579019D76D6100CBE3BE /* MyDoctor.entitlements */,
				1635576C19D76C3000CBE3BE /* AppDelegate.swift */,
				1635576E19D76C3000CBE3BE /* ViewController.swift */,
				1635595919D7D23B00CBE3BE /* Bridge-Header.h */,
				1635579719D7705100CBE3BE /* ViewController2.swift */,
				1635596019D86A6C00CBE3BE /* ViewControllerMap.swift */,
				1635596419D86E0300CBE3BE /* ViewControllerTableDrugs.swift */,
				1635596619D86E2200CBE3BE /* ViewControllerRembDrugs.swift */,
				1635596219D86DEA00CBE3BE /* ViewControllerMyDoctor.swift */,
				1635577019D76C3000CBE3BE /* Main.storyboard */,
				1635577319D76C3000CBE3BE /* Images.xcassets */,
				1635577519D76C3000CBE3BE /* LaunchScreen.xib */,
				1635576A19D76C3000CBE3BE /* Supporting Files */,
				1635595A19D7F0CE00CBE3BE /* MyDoctorIMG */,
			);
			path = MyDoctor;
			sourceTree = "<group>";
		};
		1635576A19D76C3000CBE3BE /* Supporting Files */ = {
			isa = PBXGroup;
			children = (
				1635576B19D76C3000CBE3BE /* Info.plist */,
			);
			name = "Supporting Files";
			sourceTree = "<group>";
		};
		1635577F19D76C3000CBE3BE /* MyDoctorTests */ = {
			isa = PBXGroup;
			children = (
				1635578219D76C3000CBE3BE /* MyDoctorTests.swift */,
				1635578019D76C3000CBE3BE /* Supporting Files */,
			);
			path = MyDoctorTests;
			sourceTree = "<group>";
		};
		1635578019D76C3000CBE3BE /* Supporting Files */ = {
			isa = PBXGroup;
			children = (
				1635578119D76C3000CBE3BE /* Info.plist */,
			);
			name = "Supporting Files";
			sourceTree = "<group>";
		};
		1635595A19D7F0CE00CBE3BE /* MyDoctorIMG */ = {
			isa = PBXGroup;
			children = (
				1635595B19D7F0F400CBE3BE /* MyDoctorImg@2x.png */,
			);
			name = MyDoctorIMG;
			sourceTree = "<group>";
		};
/* End PBXGroup section */

/* Begin PBXNativeTarget section */
		1635576619D76C3000CBE3BE /* MyDoctor */ = {
			isa = PBXNativeTarget;
			buildConfigurationList = 1635578619D76C3000CBE3BE /* Build configuration list for PBXNativeTarget "MyDoctor" */;
			buildPhases = (
				1635576319D76C3000CBE3BE /* Sources */,
				1635576419D76C3000CBE3BE /* Frameworks */,
				1635576519D76C3000CBE3BE /* Resources */,
			);
			buildRules = (
			);
			dependencies = (
			);
			name = MyDoctor;
			productName = MyDoctor;
			productReference = 1635576719D76C3000CBE3BE /* MyDoctor.app */;
			productType = "com.apple.product-type.application";
		};
		1635577B19D76C3000CBE3BE /* MyDoctorTests */ = {
			isa = PBXNativeTarget;
			buildConfigurationList = 1635578919D76C3000CBE3BE /* Build configuration list for PBXNativeTarget "MyDoctorTests" */;
			buildPhases = (
				1635577819D76C3000CBE3BE /* Sources */,
				1635577919D76C3000CBE3BE /* Frameworks */,
				1635577A19D76C3000CBE3BE /* Resources */,
			);
			buildRules = (
			);
			dependencies = (
				1635577E19D76C3000CBE3BE /* PBXTargetDependency */,
			);
			name = MyDoctorTests;
			productName = MyDoctorTests;
			productReference = 1635577C19D76C3000CBE3BE /* MyDoctorTests.xctest */;
			productType = "com.apple.product-type.bundle.unit-test";
		};
/* End PBXNativeTarget section */

/* Begin PBXProject section */
		1635575F19D76C3000CBE3BE /* Project object */ = {
			isa = PBXProject;
			attributes = {
				LastUpgradeCheck = 0600;
				ORGANIZATIONNAME = "Luiz Fernando Santiago";
				TargetAttributes = {
					1635576619D76C3000CBE3BE = {
						CreatedOnToolsVersion = 6.0;
						DevelopmentTeam = R3S8P8V5KU;
						SystemCapabilities = {
							com.apple.HealthKit = {
								enabled = 1;
							};
							com.apple.Maps.iOS = {
								enabled = 1;
							};
						};
					};
					1635577B19D76C3000CBE3BE = {
						CreatedOnToolsVersion = 6.0;
						TestTargetID = 1635576619D76C3000CBE3BE;
					};
				};
			};
			buildConfigurationList = 1635576219D76C3000CBE3BE /* Build configuration list for PBXProject "MyDoctor" */;
			compatibilityVersion = "Xcode 3.2";
			developmentRegion = English;
			hasScannedForEncodings = 0;
			knownRegions = (
				en,
				Base,
				he,
			);
			mainGroup = 1635575E19D76C3000CBE3BE;
			productRefGroup = 1635576819D76C3000CBE3BE /* Products */;
			projectDirPath = "";
			projectRoot = "";
			targets = (
				1635576619D76C3000CBE3BE /* MyDoctor */,
				1635577B19D76C3000CBE3BE /* MyDoctorTests */,
			);
		};
/* End PBXProject section */

/* Begin PBXResourcesBuildPhase section */
		1635576519D76C3000CBE3BE /* Resources */ = {
			isa = PBXResourcesBuildPhase;
			buildActionMask = 2147483647;
			files = (
				1635577219D76C3000CBE3BE /* Main.storyboard in Resources */,
				1635595C19D7F0F400CBE3BE /* MyDoctorImg@2x.png in Resources */,
				1635577719D76C3000CBE3BE /* LaunchScreen.xib in Resources */,
				1635577419D76C3000CBE3BE /* Images.xcassets in Resources */,
			);
			runOnlyForDeploymentPostprocessing = 0;
		};
		1635577A19D76C3000CBE3BE /* Resources */ = {
			isa = PBXResourcesBuildPhase;
			buildActionMask = 2147483647;
			files = (
			);
			runOnlyForDeploymentPostprocessing = 0;
		};
/* End PBXResourcesBuildPhase section */

/* Begin PBXSourcesBuildPhase section */
		1635576319D76C3000CBE3BE /* Sources */ = {
			isa = PBXSourcesBuildPhase;
			buildActionMask = 2147483647;
			files = (
				1635576F19D76C3000CBE3BE /* ViewController.swift in Sources */,
				1635596719D86E2200CBE3BE /* ViewControllerRembDrugs.swift in Sources */,
				1635576D19D76C3000CBE3BE /* AppDelegate.swift in Sources */,
				1635579819D7705100CBE3BE /* ViewController2.swift in Sources */,
				1635596519D86E0300CBE3BE /* ViewControllerTableDrugs.swift in Sources */,
				1635596119D86A6C00CBE3BE /* ViewControllerMap.swift in Sources */,
				1635596319D86DEA00CBE3BE /* ViewControllerMyDoctor.swift in Sources */,
			);
			runOnlyForDeploymentPostprocessing = 0;
		};
		1635577819D76C3000CBE3BE /* Sources */ = {
			isa = PBXSourcesBuildPhase;
			buildActionMask = 2147483647;
			files = (
				1635578319D76C3000CBE3BE /* MyDoctorTests.swift in Sources */,
			);
			runOnlyForDeploymentPostprocessing = 0;
		};
/* End PBXSourcesBuildPhase section */

/* Begin PBXTargetDependency section */
		1635577E19D76C3000CBE3BE /* PBXTargetDependency */ = {
			isa = PBXTargetDependency;
			target = 1635576619D76C3000CBE3BE /* MyDoctor */;
			targetProxy = 1635577D19D76C3000CBE3BE /* PBXContainerItemProxy */;
		};
/* End PBXTargetDependency section */

/* Begin PBXVariantGroup section */
		1635577019D76C3000CBE3BE /* Main.storyboard */ = {
			isa = PBXVariantGroup;
			children = (
				1635577119D76C3000CBE3BE /* Base */,
			);
			name = Main.storyboard;
			sourceTree = "<group>";
		};
		1635577519D76C3000CBE3BE /* LaunchScreen.xib */ = {
			isa = PBXVariantGroup;
			children = (
				1635577619D76C3000CBE3BE /* Base */,
			);
			name = LaunchScreen.xib;
			sourceTree = "<group>";
		};
/* End PBXVariantGroup section */

/* Begin XCBuildConfiguration section */
		1635578419D76C3000CBE3BE /* Debug */ = {
			isa = XCBuildConfiguration;
			buildSettings = {
				ALWAYS_SEARCH_USER_PATHS = NO;
				CLANG_CXX_LANGUAGE_STANDARD = "gnu++0x";
				CLANG_CXX_LIBRARY = "libc++";
				CLANG_ENABLE_MODULES = YES;
				CLANG_ENABLE_OBJC_ARC = YES;
				CLANG_WARN_BOOL_CONVERSION = YES;
				CLANG_WARN_CONSTANT_CONVERSION = YES;
				CLANG_WARN_DIRECT_OBJC_ISA_USAGE = YES_ERROR;
				CLANG_WARN_EMPTY_BODY = YES;
				CLANG_WARN_ENUM_CONVERSION = YES;
				CLANG_WARN_INT_CONVERSION = YES;
				CLANG_WARN_OBJC_ROOT_CLASS = YES_ERROR;
				CLANG_WARN_UNREACHABLE_CODE = YES;
				CLANG_WARN__DUPLICATE_METHOD_MATCH = YES;
				"CODE_SIGN_IDENTITY[sdk=iphoneos*]" = "iPhone Developer";
				COPY_PHASE_STRIP = NO;
				ENABLE_STRICT_OBJC_MSGSEND = YES;
				GCC_C_LANGUAGE_STANDARD = gnu99;
				GCC_DYNAMIC_NO_PIC = NO;
				GCC_OPTIMIZATION_LEVEL = 0;
				GCC_PREPROCESSOR_DEFINITIONS = (
					"DEBUG=1",
					"$(inherited)",
				);
				GCC_SYMBOLS_PRIVATE_EXTERN = NO;
				GCC_WARN_64_TO_32_BIT_CONVERSION = YES;
				GCC_WARN_ABOUT_RETURN_TYPE = YES_ERROR;
				GCC_WARN_UNDECLARED_SELECTOR = YES;
				GCC_WARN_UNINITIALIZED_AUTOS = YES_AGGRESSIVE;
				GCC_WARN_UNUSED_FUNCTION = YES;
				GCC_WARN_UNUSED_VARIABLE = YES;
				IPHONEOS_DEPLOYMENT_TARGET = 8.0;
				MTL_ENABLE_DEBUG_INFO = YES;
				ONLY_ACTIVE_ARCH = YES;
				SDKROOT = iphoneos;
				SWIFT_OPTIMIZATION_LEVEL = "-Onone";
			};
			name = Debug;
		};
		1635578519D76C3000CBE3BE /* Release */ = {
			isa = XCBuildConfiguration;
			buildSettings = {
				ALWAYS_SEARCH_USER_PATHS = NO;
				CLANG_CXX_LANGUAGE_STANDARD = "gnu++0x";
				CLANG_CXX_LIBRARY = "libc++";
				CLANG_ENABLE_MODULES = YES;
				CLANG_ENABLE_OBJC_ARC = YES;
				CLANG_WARN_BOOL_CONVERSION = YES;
				CLANG_WARN_CONSTANT_CONVERSION = YES;
				CLANG_WARN_DIRECT_OBJC_ISA_USAGE = YES_ERROR;
				CLANG_WARN_EMPTY_BODY = YES;
				CLANG_WARN_ENUM_CONVERSION = YES;
				CLANG_WARN_INT_CONVERSION = YES;
				CLANG_WARN_OBJC_ROOT_CLASS = YES_ERROR;
				CLANG_WARN_UNREACHABLE_CODE = YES;
				CLANG_WARN__DUPLICATE_METHOD_MATCH = YES;
				"CODE_SIGN_IDENTITY[sdk=iphoneos*]" = "iPhone Developer";
				COPY_PHASE_STRIP = YES;
				ENABLE_NS_ASSERTIONS = NO;
				ENABLE_STRICT_OBJC_MSGSEND = YES;
				GCC_C_LANGUAGE_STANDARD = gnu99;
				GCC_WARN_64_TO_32_BIT_CONVERSION = YES;
				GCC_WARN_ABOUT_RETURN_TYPE = YES_ERROR;
				GCC_WARN_UNDECLARED_SELECTOR = YES;
				GCC_WARN_UNINITIALIZED_AUTOS = YES_AGGRESSIVE;
				GCC_WARN_UNUSED_FUNCTION = YES;
				GCC_WARN_UNUSED_VARIABLE = YES;
				IPHONEOS_DEPLOYMENT_TARGET = 8.0;
				MTL_ENABLE_DEBUG_INFO = NO;
				SDKROOT = iphoneos;
				VALIDATE_PRODUCT = YES;
			};
			name = Release;
		};
		1635578719D76C3000CBE3BE /* Debug */ = {
			isa = XCBuildConfiguration;
			buildSettings = {
				ASSETCATALOG_COMPILER_APPICON_NAME = AppIcon;
				ASSETCATALOG_COMPILER_LAUNCHIMAGE_NAME = LaunchImage;
				CODE_SIGN_ENTITLEMENTS = MyDoctor/MyDoctor.entitlements;
				CODE_SIGN_IDENTITY = "iPhone Developer";
				"CODE_SIGN_IDENTITY[sdk=iphoneos*]" = "iPhone Developer";
				FRAMEWORK_SEARCH_PATHS = (
					"$(inherited)",
					"$(PROJECT_DIR)/FacebookSDK",
					"$(PROJECT_DIR)/FacebookSDK/FBAudienceNetwork",
					/Users/luizfernandosantiago/Documents/FacebookSDK,
				);
				INFOPLIST_FILE = MyDoctor/Info.plist;
				IPHONEOS_DEPLOYMENT_TARGET = 8.0;
				LD_RUNPATH_SEARCH_PATHS = "$(inherited) @executable_path/Frameworks";
				PRODUCT_NAME = "$(TARGET_NAME)";
				PROVISIONING_PROFILE = "";
				SWIFT_OBJC_BRIDGING_HEADER = "MyDoctor/Bridge-Header.h";
			};
			name = Debug;
		};
		1635578819D76C3000CBE3BE /* Release */ = {
			isa = XCBuildConfiguration;
			buildSettings = {
				ASSETCATALOG_COMPILER_APPICON_NAME = AppIcon;
				ASSETCATALOG_COMPILER_LAUNCHIMAGE_NAME = LaunchImage;
				CODE_SIGN_ENTITLEMENTS = MyDoctor/MyDoctor.entitlements;
				CODE_SIGN_IDENTITY = "iPhone Developer";
				"CODE_SIGN_IDENTITY[sdk=iphoneos*]" = "iPhone Developer";
				FRAMEWORK_SEARCH_PATHS = (
					"$(inherited)",
					"$(PROJECT_DIR)/FacebookSDK",
					"$(PROJECT_DIR)/FacebookSDK/FBAudienceNetwork",
					/Users/luizfernandosantiago/Documents/FacebookSDK,
				);
				INFOPLIST_FILE = MyDoctor/Info.plist;
				IPHONEOS_DEPLOYMENT_TARGET = 8.0;
				LD_RUNPATH_SEARCH_PATHS = "$(inherited) @executable_path/Frameworks";
				PRODUCT_NAME = "$(TARGET_NAME)";
				PROVISIONING_PROFILE = "";
				SWIFT_OBJC_BRIDGING_HEADER = "MyDoctor/Bridge-Header.h";
			};
			name = Release;
		};
		1635578A19D76C3000CBE3BE /* Debug */ = {
			isa = XCBuildConfiguration;
			buildSettings = {
				BUNDLE_LOADER = "$(TEST_HOST)";
				FRAMEWORK_SEARCH_PATHS = (
					"$(SDKROOT)/Developer/Library/Frameworks",
					"$(inherited)",
				);
				GCC_PREPROCESSOR_DEFINITIONS = (
					"DEBUG=1",
					"$(inherited)",
				);
				INFOPLIST_FILE = MyDoctorTests/Info.plist;
				LD_RUNPATH_SEARCH_PATHS = "$(inherited) @executable_path/Frameworks @loader_path/Frameworks";
				PRODUCT_NAME = "$(TARGET_NAME)";
				TEST_HOST = "$(BUILT_PRODUCTS_DIR)/MyDoctor.app/MyDoctor";
			};
			name = Debug;
		};
		1635578B19D76C3000CBE3BE /* Release */ = {
			isa = XCBuildConfiguration;
			buildSettings = {
				BUNDLE_LOADER = "$(TEST_HOST)";
				FRAMEWORK_SEARCH_PATHS = (
					"$(SDKROOT)/Developer/Library/Frameworks",
					"$(inherited)",
				);
				INFOPLIST_FILE = MyDoctorTests/Info.plist;
				LD_RUNPATH_SEARCH_PATHS = "$(inherited) @executable_path/Frameworks @loader_path/Frameworks";
				PRODUCT_NAME = "$(TARGET_NAME)";
				TEST_HOST = "$(BUILT_PRODUCTS_DIR)/MyDoctor.app/MyDoctor";
			};
			name = Release;
		};
/* End XCBuildConfiguration section */

/* Begin XCConfigurationList section */
		1635576219D76C3000CBE3BE /* Build configuration list for PBXProject "MyDoctor" */ = {
			isa = XCConfigurationList;
			buildConfigurations = (
				1635578419D76C3000CBE3BE /* Debug */,
				1635578519D76C3000CBE3BE /* Release */,
			);
			defaultConfigurationIsVisible = 0;
			defaultConfigurationName = Release;
		};
		1635578619D76C3000CBE3BE /* Build configuration list for PBXNativeTarget "MyDoctor" */ = {
			isa = XCConfigurationList;
			buildConfigurations = (
				1635578719D76C3000CBE3BE /* Debug */,
				1635578819D76C3000CBE3BE /* Release */,
			);
			defaultConfigurationIsVisible = 0;
		};
		1635578919D76C3000CBE3BE /* Build configuration list for PBXNativeTarget "MyDoctorTests" */ = {
			isa = XCConfigurationList;
			buildConfigurations = (
				1635578A19D76C3000CBE3BE /* Debug */,
				1635578B19D76C3000CBE3BE /* Release */,
			);
			defaultConfigurationIsVisible = 0;
		};
/* End XCConfigurationList section */
	};
	rootObject = 1635575F19D76C3000CBE3BE /* Project object */;
}
